
Microsoft Visual Studio Solution File, Format Version 12.00
# Visual Studio Version 17
VisualStudioVersion = 17.11.35312.102
MinimumVisualStudioVersion = 10.0.40219.1
Project("{FAE04EC0-301F-11D3-BF4B-00C04F79EFBC}") = "Home_3", "Home_3\Home_3.csproj", "{445EB7D9-7D0D-46C0-8A45-33E3FBC800D7}"
EndProject
Global
	GlobalSection(SolutionConfigurationPlatforms) = preSolution
		Debug|Any CPU = Debug|Any CPU
		Release|Any CPU = Release|Any CPU
	EndGlobalSection
	GlobalSection(ProjectConfigurationPlatforms) = postSolution
		{445EB7D9-7D0D-46C0-8A45-33E3FBC800D7}.Debug|Any CPU.ActiveCfg = Debug|Any CPU
		{445EB7D9-7D0D-46C0-8A45-33E3FBC800D7}.Debug|Any CPU.Build.0 = Debug|Any CPU
		{445EB7D9-7D0D-46C0-8A45-33E3FBC800D7}.Release|Any CPU.ActiveCfg = Release|Any CPU
		{445EB7D9-7D0D-46C0-8A45-33E3FBC800D7}.Release|Any CPU.Build.0 = Release|Any CPU
	EndGlobalSection
	GlobalSection(SolutionProperties) = preSolution
		HideSolutionNode = FALSE
	EndGlobalSection
	GlobalSection(ExtensibilityGlobals) = postSolution
		SolutionGuid = {BB1ECD22-2231-4755-845B-2CA4CCB8775C}
	EndGlobalSection
EndGlobal
